
Microsoft Visual Studio Solution File, Format Version 12.00
# Visual Studio 15
VisualStudioVersion = 15.0.26430.6
MinimumVisualStudioVersion = 10.0.40219.1
Project("{FAE04EC0-301F-11D3-BF4B-00C04F79EFBC}") = "FM.Domain.Model", "FM.Domain.Model\FM.Domain.Model.csproj", "{4A1F75BE-4CF1-4B8C-A5A0-945FBA8D3E97}"
EndProject
Project("{FAE04EC0-301F-11D3-BF4B-00C04F79EFBC}") = "FM.Business.Interfaces", "FM.Business.Interfaces\FM.Business.Interfaces.csproj", "{CE77BD98-9B96-412C-9FBA-E39308B55E5F}"
EndProject
Project("{FAE04EC0-301F-11D3-BF4B-00C04F79EFBC}") = "FM.Business.Services", "FM.Business.Services\FM.Business.Services.csproj", "{E9E02829-5B0C-4F4A-BEB1-255CFC73A317}"
EndProject
Project("{FAE04EC0-301F-11D3-BF4B-00C04F79EFBC}") = "FM.WebApi", "FM.WebApi\FM.WebApi.csproj", "{83EFF5DD-95F3-40F6-B861-D9410DB8C1D2}"
EndProject
Project("{2150E333-8FDC-42A3-9474-1A3956D46DE8}") = "Business", "Business", "{FBE48065-C985-455D-BAD3-3AB77EB906EA}"
EndProject
Project("{2150E333-8FDC-42A3-9474-1A3956D46DE8}") = "Data.Access", "Data.Access", "{8FD8B27C-4509-4D6E-A1BC-ABD70406001B}"
EndProject
Project("{2150E333-8FDC-42A3-9474-1A3956D46DE8}") = "Domain.Model", "Domain.Model", "{F1A516AA-94F7-4A24-B381-20EEA7063AA0}"
EndProject
Project("{FAE04EC0-301F-11D3-BF4B-00C04F79EFBC}") = "FM.Data.Access.Interfaces", "FM.Data.Access.Interfaces\FM.Data.Access.Interfaces.csproj", "{B6E9C117-15DD-40BC-A297-B9BB64D627B0}"
EndProject
Project("{FAE04EC0-301F-11D3-BF4B-00C04F79EFBC}") = "FM.Data.Access.Impl.LinqSql", "FM.Data.Access.Impl.LinqSql\FM.Data.Access.Impl.LinqSql.csproj", "{FF6CFDE1-5E3D-4409-AB96-B79B73999F66}"
EndProject
Project("{2150E333-8FDC-42A3-9474-1A3956D46DE8}") = "tests", "tests", "{F8AFEBE6-7B43-4481-B10E-192DF2A5C969}"
EndProject
Project("{FAE04EC0-301F-11D3-BF4B-00C04F79EFBC}") = "FM.Data.Access.Impl.LinqSql.Tests", "FM.Data.Access.Impl.LinqSql.Tests\FM.Data.Access.Impl.LinqSql.Tests.csproj", "{9D0E065C-FEB1-493B-B32D-ED3DFA8F2EF9}"
EndProject
Global
	GlobalSection(SolutionConfigurationPlatforms) = preSolution
		Debug|Any CPU = Debug|Any CPU
		Release|Any CPU = Release|Any CPU
	EndGlobalSection
	GlobalSection(ProjectConfigurationPlatforms) = postSolution
		{4A1F75BE-4CF1-4B8C-A5A0-945FBA8D3E97}.Debug|Any CPU.ActiveCfg = Debug|Any CPU
		{4A1F75BE-4CF1-4B8C-A5A0-945FBA8D3E97}.Debug|Any CPU.Build.0 = Debug|Any CPU
		{4A1F75BE-4CF1-4B8C-A5A0-945FBA8D3E97}.Release|Any CPU.ActiveCfg = Release|Any CPU
		{4A1F75BE-4CF1-4B8C-A5A0-945FBA8D3E97}.Release|Any CPU.Build.0 = Release|Any CPU
		{CE77BD98-9B96-412C-9FBA-E39308B55E5F}.Debug|Any CPU.ActiveCfg = Debug|Any CPU
		{CE77BD98-9B96-412C-9FBA-E39308B55E5F}.Debug|Any CPU.Build.0 = Debug|Any CPU
		{CE77BD98-9B96-412C-9FBA-E39308B55E5F}.Release|Any CPU.ActiveCfg = Release|Any CPU
		{CE77BD98-9B96-412C-9FBA-E39308B55E5F}.Release|Any CPU.Build.0 = Release|Any CPU
		{E9E02829-5B0C-4F4A-BEB1-255CFC73A317}.Debug|Any CPU.ActiveCfg = Debug|Any CPU
		{E9E02829-5B0C-4F4A-BEB1-255CFC73A317}.Debug|Any CPU.Build.0 = Debug|Any CPU
		{E9E02829-5B0C-4F4A-BEB1-255CFC73A317}.Release|Any CPU.ActiveCfg = Release|Any CPU
		{E9E02829-5B0C-4F4A-BEB1-255CFC73A317}.Release|Any CPU.Build.0 = Release|Any CPU
		{83EFF5DD-95F3-40F6-B861-D9410DB8C1D2}.Debug|Any CPU.ActiveCfg = Debug|Any CPU
		{83EFF5DD-95F3-40F6-B861-D9410DB8C1D2}.Debug|Any CPU.Build.0 = Debug|Any CPU
		{83EFF5DD-95F3-40F6-B861-D9410DB8C1D2}.Release|Any CPU.ActiveCfg = Release|Any CPU
		{83EFF5DD-95F3-40F6-B861-D9410DB8C1D2}.Release|Any CPU.Build.0 = Release|Any CPU
		{B6E9C117-15DD-40BC-A297-B9BB64D627B0}.Debug|Any CPU.ActiveCfg = Debug|Any CPU
		{B6E9C117-15DD-40BC-A297-B9BB64D627B0}.Debug|Any CPU.Build.0 = Debug|Any CPU
		{B6E9C117-15DD-40BC-A297-B9BB64D627B0}.Release|Any CPU.ActiveCfg = Release|Any CPU
		{B6E9C117-15DD-40BC-A297-B9BB64D627B0}.Release|Any CPU.Build.0 = Release|Any CPU
		{FF6CFDE1-5E3D-4409-AB96-B79B73999F66}.Debug|Any CPU.ActiveCfg = Debug|Any CPU
		{FF6CFDE1-5E3D-4409-AB96-B79B73999F66}.Debug|Any CPU.Build.0 = Debug|Any CPU
		{FF6CFDE1-5E3D-4409-AB96-B79B73999F66}.Release|Any CPU.ActiveCfg = Release|Any CPU
		{FF6CFDE1-5E3D-4409-AB96-B79B73999F66}.Release|Any CPU.Build.0 = Release|Any CPU
		{9D0E065C-FEB1-493B-B32D-ED3DFA8F2EF9}.Debug|Any CPU.ActiveCfg = Debug|Any CPU
		{9D0E065C-FEB1-493B-B32D-ED3DFA8F2EF9}.Debug|Any CPU.Build.0 = Debug|Any CPU
		{9D0E065C-FEB1-493B-B32D-ED3DFA8F2EF9}.Release|Any CPU.ActiveCfg = Release|Any CPU
		{9D0E065C-FEB1-493B-B32D-ED3DFA8F2EF9}.Release|Any CPU.Build.0 = Release|Any CPU
	EndGlobalSection
	GlobalSection(SolutionProperties) = preSolution
		HideSolutionNode = FALSE
	EndGlobalSection
	GlobalSection(NestedProjects) = preSolution
		{4A1F75BE-4CF1-4B8C-A5A0-945FBA8D3E97} = {F1A516AA-94F7-4A24-B381-20EEA7063AA0}
		{CE77BD98-9B96-412C-9FBA-E39308B55E5F} = {FBE48065-C985-455D-BAD3-3AB77EB906EA}
		{E9E02829-5B0C-4F4A-BEB1-255CFC73A317} = {FBE48065-C985-455D-BAD3-3AB77EB906EA}
		{B6E9C117-15DD-40BC-A297-B9BB64D627B0} = {8FD8B27C-4509-4D6E-A1BC-ABD70406001B}
		{FF6CFDE1-5E3D-4409-AB96-B79B73999F66} = {8FD8B27C-4509-4D6E-A1BC-ABD70406001B}
		{F8AFEBE6-7B43-4481-B10E-192DF2A5C969} = {8FD8B27C-4509-4D6E-A1BC-ABD70406001B}
		{9D0E065C-FEB1-493B-B32D-ED3DFA8F2EF9} = {F8AFEBE6-7B43-4481-B10E-192DF2A5C969}
	EndGlobalSection
EndGlobal
